
Microsoft Visual Studio Solution File, Format Version 12.00
# Visual Studio Version 16
VisualStudioVersion = 16.0.31702.278
MinimumVisualStudioVersion = 10.0.40219.1
Project("{9A19103F-16F7-4668-BE54-9A1E7A4F7556}") = "MyLib", "..\MyLib\MyLib.csproj", "{B3D6BC13-B029-49FA-B12A-36A08420840B}"
EndProject
Project("{9A19103F-16F7-4668-BE54-9A1E7A4F7556}") = "WinFormsApp1", "..\WinFormsApp1\WinFormsApp1.csproj", "{EAFF464F-1126-4647-A9A2-9D927B9FE53B}"
EndProject
Project("{FAE04EC0-301F-11D3-BF4B-00C04F79EFBC}") = "UnitTestProject2", "..\UnitTestProject2\UnitTestProject2.csproj", "{6701E12A-2324-45F7-AA63-01A71DD38755}"
EndProject
Global
	GlobalSection(SolutionConfigurationPlatforms) = preSolution
		Debug|Any CPU = Debug|Any CPU
		Release|Any CPU = Release|Any CPU
	EndGlobalSection
	GlobalSection(ProjectConfigurationPlatforms) = postSolution
		{B3D6BC13-B029-49FA-B12A-36A08420840B}.Debug|Any CPU.ActiveCfg = Debug|Any CPU
		{B3D6BC13-B029-49FA-B12A-36A08420840B}.Debug|Any CPU.Build.0 = Debug|Any CPU
		{B3D6BC13-B029-49FA-B12A-36A08420840B}.Release|Any CPU.ActiveCfg = Release|Any CPU
		{B3D6BC13-B029-49FA-B12A-36A08420840B}.Release|Any CPU.Build.0 = Release|Any CPU
		{EAFF464F-1126-4647-A9A2-9D927B9FE53B}.Debug|Any CPU.ActiveCfg = Debug|Any CPU
		{EAFF464F-1126-4647-A9A2-9D927B9FE53B}.Debug|Any CPU.Build.0 = Debug|Any CPU
		{EAFF464F-1126-4647-A9A2-9D927B9FE53B}.Release|Any CPU.ActiveCfg = Release|Any CPU
		{EAFF464F-1126-4647-A9A2-9D927B9FE53B}.Release|Any CPU.Build.0 = Release|Any CPU
		{6701E12A-2324-45F7-AA63-01A71DD38755}.Debug|Any CPU.ActiveCfg = Debug|Any CPU
		{6701E12A-2324-45F7-AA63-01A71DD38755}.Debug|Any CPU.Build.0 = Debug|Any CPU
		{6701E12A-2324-45F7-AA63-01A71DD38755}.Release|Any CPU.ActiveCfg = Release|Any CPU
		{6701E12A-2324-45F7-AA63-01A71DD38755}.Release|Any CPU.Build.0 = Release|Any CPU
	EndGlobalSection
	GlobalSection(SolutionProperties) = preSolution
		HideSolutionNode = FALSE
	EndGlobalSection
	GlobalSection(ExtensibilityGlobals) = postSolution
		SolutionGuid = {1F846B34-C2FD-45D2-9631-702FB1DE14C3}
	EndGlobalSection
EndGlobal
