
Microsoft Visual Studio Solution File, Format Version 12.00
# Visual Studio Version 16
VisualStudioVersion = 16.0.31702.278
MinimumVisualStudioVersion = 10.0.40219.1
Project("{FAE04EC0-301F-11D3-BF4B-00C04F79EFBC}") = "MyLib", "MyLib.csproj", "{CAE2A1E7-4CF0-4B5D-B411-A0D61C45EB78}"
EndProject
Global
	GlobalSection(SolutionConfigurationPlatforms) = preSolution
		Debug|Any CPU = Debug|Any CPU
		Release|Any CPU = Release|Any CPU
	EndGlobalSection
	GlobalSection(ProjectConfigurationPlatforms) = postSolution
		{CAE2A1E7-4CF0-4B5D-B411-A0D61C45EB78}.Debug|Any CPU.ActiveCfg = Debug|Any CPU
		{CAE2A1E7-4CF0-4B5D-B411-A0D61C45EB78}.Debug|Any CPU.Build.0 = Debug|Any CPU
		{CAE2A1E7-4CF0-4B5D-B411-A0D61C45EB78}.Release|Any CPU.ActiveCfg = Release|Any CPU
		{CAE2A1E7-4CF0-4B5D-B411-A0D61C45EB78}.Release|Any CPU.Build.0 = Release|Any CPU
	EndGlobalSection
	GlobalSection(SolutionProperties) = preSolution
		HideSolutionNode = FALSE
	EndGlobalSection
	GlobalSection(ExtensibilityGlobals) = postSolution
		SolutionGuid = {143316AA-805D-4AAA-98A4-A11856292C93}
	EndGlobalSection
EndGlobal
